
Microsoft Visual Studio Solution File, Format Version 12.00
# Visual Studio 15
VisualStudioVersion = 15.0.28010.2003
MinimumVisualStudioVersion = 10.0.40219.1
Project("{8BC9CEB8-8B4A-11D0-8D11-00A0C91BC942}") = "lista", "lista\lista.vcxproj", "{940A5BD8-0CF8-4A91-ACE9-74929384F79D}"
EndProject
Global
	GlobalSection(SolutionConfigurationPlatforms) = preSolution
		Debug|x64 = Debug|x64
		Debug|x86 = Debug|x86
		Release|x64 = Release|x64
		Release|x86 = Release|x86
	EndGlobalSection
	GlobalSection(ProjectConfigurationPlatforms) = postSolution
		{940A5BD8-0CF8-4A91-ACE9-74929384F79D}.Debug|x64.ActiveCfg = Debug|x64
		{940A5BD8-0CF8-4A91-ACE9-74929384F79D}.Debug|x64.Build.0 = Debug|x64
		{940A5BD8-0CF8-4A91-ACE9-74929384F79D}.Debug|x86.ActiveCfg = Debug|Win32
		{940A5BD8-0CF8-4A91-ACE9-74929384F79D}.Debug|x86.Build.0 = Debug|Win32
		{940A5BD8-0CF8-4A91-ACE9-74929384F79D}.Release|x64.ActiveCfg = Release|x64
		{940A5BD8-0CF8-4A91-ACE9-74929384F79D}.Release|x64.Build.0 = Release|x64
		{940A5BD8-0CF8-4A91-ACE9-74929384F79D}.Release|x86.ActiveCfg = Release|Win32
		{940A5BD8-0CF8-4A91-ACE9-74929384F79D}.Release|x86.Build.0 = Release|Win32
	EndGlobalSection
	GlobalSection(SolutionProperties) = preSolution
		HideSolutionNode = FALSE
	EndGlobalSection
	GlobalSection(ExtensibilityGlobals) = postSolution
		SolutionGuid = {4C567E4C-8947-4E8C-BB1B-E59DF274E920}
	EndGlobalSection
EndGlobal
